
Microsoft Visual Studio Solution File, Format Version 12.00
# Visual Studio Version 16
VisualStudioVersion = 16.0.32228.343
MinimumVisualStudioVersion = 10.0.40219.1
Project("{FAE04EC0-301F-11D3-BF4B-00C04F79EFBC}") = "week8test", "week8test\week8test.csproj", "{153A7F4E-C222-4CF9-9BE1-C100B2FD84AA}"
EndProject
Global
	GlobalSection(SolutionConfigurationPlatforms) = preSolution
		Debug|Any CPU = Debug|Any CPU
		Release|Any CPU = Release|Any CPU
	EndGlobalSection
	GlobalSection(ProjectConfigurationPlatforms) = postSolution
		{153A7F4E-C222-4CF9-9BE1-C100B2FD84AA}.Debug|Any CPU.ActiveCfg = Debug|Any CPU
		{153A7F4E-C222-4CF9-9BE1-C100B2FD84AA}.Debug|Any CPU.Build.0 = Debug|Any CPU
		{153A7F4E-C222-4CF9-9BE1-C100B2FD84AA}.Release|Any CPU.ActiveCfg = Release|Any CPU
		{153A7F4E-C222-4CF9-9BE1-C100B2FD84AA}.Release|Any CPU.Build.0 = Release|Any CPU
	EndGlobalSection
	GlobalSection(SolutionProperties) = preSolution
		HideSolutionNode = FALSE
	EndGlobalSection
	GlobalSection(ExtensibilityGlobals) = postSolution
		SolutionGuid = {2EB2B719-C5F4-466B-9E1E-4A4FB5FF248E}
	EndGlobalSection
EndGlobal
